
Microsoft Visual Studio Solution File, Format Version 12.00
# Visual Studio Version 16
VisualStudioVersion = 16.0.32510.428
MinimumVisualStudioVersion = 10.0.40219.1
Project("{FAE04EC0-301F-11D3-BF4B-00C04F79EFBC}") = "ReactPeopleBackEnd.Web", "ReactPeopleBackEnd.Web\ReactPeopleBackEnd.Web.csproj", "{AD392A7B-6A84-44B9-A118-4C2DA4FD9347}"
EndProject
Project("{FAE04EC0-301F-11D3-BF4B-00C04F79EFBC}") = "ReactPeopleBackEnd.Data", "ReactPeopleBackEnd.Data\ReactPeopleBackEnd.Data.csproj", "{7E71B1CA-8C0B-44CD-BDA5-A94A01AB1528}"
EndProject
Global
	GlobalSection(SolutionConfigurationPlatforms) = preSolution
		Debug|Any CPU = Debug|Any CPU
		Release|Any CPU = Release|Any CPU
	EndGlobalSection
	GlobalSection(ProjectConfigurationPlatforms) = postSolution
		{AD392A7B-6A84-44B9-A118-4C2DA4FD9347}.Debug|Any CPU.ActiveCfg = Debug|Any CPU
		{AD392A7B-6A84-44B9-A118-4C2DA4FD9347}.Debug|Any CPU.Build.0 = Debug|Any CPU
		{AD392A7B-6A84-44B9-A118-4C2DA4FD9347}.Release|Any CPU.ActiveCfg = Release|Any CPU
		{AD392A7B-6A84-44B9-A118-4C2DA4FD9347}.Release|Any CPU.Build.0 = Release|Any CPU
		{7E71B1CA-8C0B-44CD-BDA5-A94A01AB1528}.Debug|Any CPU.ActiveCfg = Debug|Any CPU
		{7E71B1CA-8C0B-44CD-BDA5-A94A01AB1528}.Debug|Any CPU.Build.0 = Debug|Any CPU
		{7E71B1CA-8C0B-44CD-BDA5-A94A01AB1528}.Release|Any CPU.ActiveCfg = Release|Any CPU
		{7E71B1CA-8C0B-44CD-BDA5-A94A01AB1528}.Release|Any CPU.Build.0 = Release|Any CPU
	EndGlobalSection
	GlobalSection(SolutionProperties) = preSolution
		HideSolutionNode = FALSE
	EndGlobalSection
	GlobalSection(ExtensibilityGlobals) = postSolution
		SolutionGuid = {81170816-4666-4B4D-B9CE-FBABD1A2E3A7}
	EndGlobalSection
EndGlobal
